
Microsoft Visual Studio Solution File, Format Version 12.00
# Visual Studio Version 17
VisualStudioVersion = 17.0.32112.339
MinimumVisualStudioVersion = 10.0.40219.1
Project("{FAE04EC0-301F-11D3-BF4B-00C04F79EFBC}") = "Lab04-Nhom1-19521982", "Lab04-Nhom1-19521982\Lab04-Nhom1-19521982.csproj", "{722D990B-DB3C-4B13-8D83-CD077DDD6BFE}"
EndProject
Global
	GlobalSection(SolutionConfigurationPlatforms) = preSolution
		Debug|Any CPU = Debug|Any CPU
		Release|Any CPU = Release|Any CPU
	EndGlobalSection
	GlobalSection(ProjectConfigurationPlatforms) = postSolution
		{722D990B-DB3C-4B13-8D83-CD077DDD6BFE}.Debug|Any CPU.ActiveCfg = Debug|Any CPU
		{722D990B-DB3C-4B13-8D83-CD077DDD6BFE}.Debug|Any CPU.Build.0 = Debug|Any CPU
		{722D990B-DB3C-4B13-8D83-CD077DDD6BFE}.Release|Any CPU.ActiveCfg = Release|Any CPU
		{722D990B-DB3C-4B13-8D83-CD077DDD6BFE}.Release|Any CPU.Build.0 = Release|Any CPU
	EndGlobalSection
	GlobalSection(SolutionProperties) = preSolution
		HideSolutionNode = FALSE
	EndGlobalSection
	GlobalSection(ExtensibilityGlobals) = postSolution
		SolutionGuid = {30D5D201-C1E0-457B-8B4A-CFA6C4E2CC0E}
	EndGlobalSection
EndGlobal
